// !$*UTF8*$!
{
	archiveVersion = 1;
	classes = {
	};
	objectVersion = 46;
	objects = {

/* Begin PBXBuildFile section */
		1477727F1F3027EF003865C0 /* main.m in Sources */ = {isa = PBXBuildFile; fileRef = 1477727E1F3027EF003865C0 /* main.m */; };
		147772821F3027EF003865C0 /* AppDelegate.m in Sources */ = {isa = PBXBuildFile; fileRef = 147772811F3027EF003865C0 /* AppDelegate.m */; };
		147772851F3027EF003865C0 /* ViewController.m in Sources */ = {isa = PBXBuildFile; fileRef = 147772841F3027EF003865C0 /* ViewController.m */; };
		147772881F3027EF003865C0 /* Main.storyboard in Resources */ = {isa = PBXBuildFile; fileRef = 147772861F3027EF003865C0 /* Main.storyboard */; };
		1477728A1F3027EF003865C0 /* Assets.xcassets in Resources */ = {isa = PBXBuildFile; fileRef = 147772891F3027EF003865C0 /* Assets.xcassets */; };
		1477728D1F3027EF003865C0 /* LaunchScreen.storyboard in Resources */ = {isa = PBXBuildFile; fileRef = 1477728B1F3027EF003865C0 /* LaunchScreen.storyboard */; };
		147772981F3027EF003865C0 /* webserverTests.m in Sources */ = {isa = PBXBuildFile; fileRef = 147772971F3027EF003865C0 /* webserverTests.m */; };
		147772A31F3027EF003865C0 /* webserverUITests.m in Sources */ = {isa = PBXBuildFile; fileRef = 147772A21F3027EF003865C0 /* webserverUITests.m */; };
		147772B11F307FB3003865C0 /* abc.png in Resources */ = {isa = PBXBuildFile; fileRef = 147772B01F307FB3003865C0 /* abc.png */; };
		D5150548A8D1C561EE881485 /* libPods-webserver.a in Frameworks */ = {isa = PBXBuildFile; fileRef = 59330B02BE10541960B6B1F4 /* libPods-webserver.a */; };
/* End PBXBuildFile section */

/* Begin PBXContainerItemProxy section */
		147772941F3027EF003865C0 /* PBXContainerItemProxy */ = {
			isa = PBXContainerItemProxy;
			containerPortal = 147772721F3027EF003865C0 /* Project object */;
			proxyType = 1;
			remoteGlobalIDString = 147772791F3027EF003865C0;
			remoteInfo = webserver;
		};
		1477729F1F3027EF003865C0 /* PBXContainerItemProxy */ = {
			isa = PBXContainerItemProxy;
			containerPortal = 147772721F3027EF003865C0 /* Project object */;
			proxyType = 1;
			remoteGlobalIDString = 147772791F3027EF003865C0;
			remoteInfo = webserver;
		};
/* End PBXContainerItemProxy section */

/* Begin PBXFileReference section */
		1477727A1F3027EF003865C0 /* webserver.app */ = {isa = PBXFileReference; explicitFileType = wrapper.application; includeInIndex = 0; path = webserver.app; sourceTree = BUILT_PRODUCTS_DIR; };
		1477727E1F3027EF003865C0 /* main.m */ = {isa = PBXFileReference; lastKnownFileType = sourcecode.c.objc; path = main.m; sourceTree = "<group>"; };
		147772801F3027EF003865C0 /* AppDelegate.h */ = {isa = PBXFileReference; lastKnownFileType = sourcecode.c.h; path = AppDelegate.h; sourceTree = "<group>"; };
		147772811F3027EF003865C0 /* AppDelegate.m */ = {isa = PBXFileReference; lastKnownFileType = sourcecode.c.objc; path = AppDelegate.m; sourceTree = "<group>"; };
		147772831F3027EF003865C0 /* ViewController.h */ = {isa = PBXFileReference; lastKnownFileType = sourcecode.c.h; path = ViewController.h; sourceTree = "<group>"; };
		147772841F3027EF003865C0 /* ViewController.m */ = {isa = PBXFileReference; lastKnownFileType = sourcecode.c.objc; path = ViewController.m; sourceTree = "<group>"; };
		147772871F3027EF003865C0 /* Base */ = {isa = PBXFileReference; lastKnownFileType = file.storyboard; name = Base; path = Base.lproj/Main.storyboard; sourceTree = "<group>"; };
		147772891F3027EF003865C0 /* Assets.xcassets */ = {isa = PBXFileReference; lastKnownFileType = folder.assetcatalog; path = Assets.xcassets; sourceTree = "<group>"; };
		1477728C1F3027EF003865C0 /* Base */ = {isa = PBXFileReference; lastKnownFileType = file.storyboard; name = Base; path = Base.lproj/LaunchScreen.storyboard; sourceTree = "<group>"; };
		1477728E1F3027EF003865C0 /* Info.plist */ = {isa = PBXFileReference; lastKnownFileType = text.plist.xml; path = Info.plist; sourceTree = "<group>"; };
		147772931F3027EF003865C0 /* webserverTests.xctest */ = {isa = PBXFileReference; explicitFileType = wrapper.cfbundle; includeInIndex = 0; path = webserverTests.xctest; sourceTree = BUILT_PRODUCTS_DIR; };
		147772971F3027EF003865C0 /* webserverTests.m */ = {isa = PBXFileReference; lastKnownFileType = sourcecode.c.objc; path = webserverTests.m; sourceTree = "<group>"; };
		147772991F3027EF003865C0 /* Info.plist */ = {isa = PBXFileReference; lastKnownFileType = text.plist.xml; path = Info.plist; sourceTree = "<group>"; };
		1477729E1F3027EF003865C0 /* webserverUITests.xctest */ = {isa = PBXFileReference; explicitFileType = wrapper.cfbundle; includeInIndex = 0; path = webserverUITests.xctest; sourceTree = BUILT_PRODUCTS_DIR; };
		147772A21F3027EF003865C0 /* webserverUITests.m */ = {isa = PBXFileReference; lastKnownFileType = sourcecode.c.objc; path = webserverUITests.m; sourceTree = "<group>"; };
		147772A41F3027EF003865C0 /* Info.plist */ = {isa = PBXFileReference; lastKnownFileType = text.plist.xml; path = Info.plist; sourceTree = "<group>"; };
		147772B01F307FB3003865C0 /* abc.png */ = {isa = PBXFileReference; lastKnownFileType = image.png; path = abc.png; sourceTree = "<group>"; };
		350A04466A9EE663D4B7141E /* Pods-webserver.debug.xcconfig */ = {isa = PBXFileReference; includeInIndex = 1; lastKnownFileType = text.xcconfig; name = "Pods-webserver.debug.xcconfig"; path = "Pods/Target Support Files/Pods-webserver/Pods-webserver.debug.xcconfig"; sourceTree = "<group>"; };
		59330B02BE10541960B6B1F4 /* libPods-webserver.a */ = {isa = PBXFileReference; explicitFileType = archive.ar; includeInIndex = 0; path = "libPods-webserver.a"; sourceTree = BUILT_PRODUCTS_DIR; };
		5BE7BB5727BD21D2C4BF69E0 /* Pods-webserver.release.xcconfig */ = {isa = PBXFileReference; includeInIndex = 1; lastKnownFileType = text.xcconfig; name = "Pods-webserver.release.xcconfig"; path = "Pods/Target Support Files/Pods-webserver/Pods-webserver.release.xcconfig"; sourceTree = "<group>"; };
/* End PBXFileReference section */

/* Begin PBXFrameworksBuildPhase section */
		147772771F3027EF003865C0 /* Frameworks */ = {
			isa = PBXFrameworksBuildPhase;
			buildActionMask = 2147483647;
			files = (
				D5150548A8D1C561EE881485 /* libPods-webserver.a in Frameworks */,
			);
			runOnlyForDeploymentPostprocessing = 0;
		};
		147772901F3027EF003865C0 /* Frameworks */ = {
			isa = PBXFrameworksBuildPhase;
			buildActionMask = 2147483647;
			files = (
			);
			runOnlyForDeploymentPostprocessing = 0;
		};
		1477729B1F3027EF003865C0 /* Frameworks */ = {
			isa = PBXFrameworksBuildPhase;
			buildActionMask = 2147483647;
			files = (
			);
			runOnlyForDeploymentPostprocessing = 0;
		};
/* End PBXFrameworksBuildPhase section */

/* Begin PBXGroup section */
		147772711F3027EF003865C0 = {
			isa = PBXGroup;
			children = (
				1477727C1F3027EF003865C0 /* webserver */,
				147772961F3027EF003865C0 /* webserverTests */,
				147772A11F3027EF003865C0 /* webserverUITests */,
				1477727B1F3027EF003865C0 /* Products */,
				588144295AF63AB96428EDF0 /* Pods */,
				7EF2BEFA0F04A7156C76175D /* Frameworks */,
			);
			sourceTree = "<group>";
		};
		1477727B1F3027EF003865C0 /* Products */ = {
			isa = PBXGroup;
			children = (
				1477727A1F3027EF003865C0 /* webserver.app */,
				147772931F3027EF003865C0 /* webserverTests.xctest */,
				1477729E1F3027EF003865C0 /* webserverUITests.xctest */,
			);
			name = Products;
			sourceTree = "<group>";
		};
		1477727C1F3027EF003865C0 /* webserver */ = {
			isa = PBXGroup;
			children = (
				147772801F3027EF003865C0 /* AppDelegate.h */,
				147772B01F307FB3003865C0 /* abc.png */,
				147772811F3027EF003865C0 /* AppDelegate.m */,
				147772831F3027EF003865C0 /* ViewController.h */,
				147772841F3027EF003865C0 /* ViewController.m */,
				147772861F3027EF003865C0 /* Main.storyboard */,
				147772891F3027EF003865C0 /* Assets.xcassets */,
				1477728B1F3027EF003865C0 /* LaunchScreen.storyboard */,
				1477728E1F3027EF003865C0 /* Info.plist */,
				1477727D1F3027EF003865C0 /* Supporting Files */,
			);
			path = webserver;
			sourceTree = "<group>";
		};
		1477727D1F3027EF003865C0 /* Supporting Files */ = {
			isa = PBXGroup;
			children = (
				1477727E1F3027EF003865C0 /* main.m */,
			);
			name = "Supporting Files";
			sourceTree = "<group>";
		};
		147772961F3027EF003865C0 /* webserverTests */ = {
			isa = PBXGroup;
			children = (
				147772971F3027EF003865C0 /* webserverTests.m */,
				147772991F3027EF003865C0 /* Info.plist */,
			);
			path = webserverTests;
			sourceTree = "<group>";
		};
		147772A11F3027EF003865C0 /* webserverUITests */ = {
			isa = PBXGroup;
			children = (
				147772A21F3027EF003865C0 /* webserverUITests.m */,
				147772A41F3027EF003865C0 /* Info.plist */,
			);
			path = webserverUITests;
			sourceTree = "<group>";
		};
		588144295AF63AB96428EDF0 /* Pods */ = {
			isa = PBXGroup;
			children = (
				350A04466A9EE663D4B7141E /* Pods-webserver.debug.xcconfig */,
				5BE7BB5727BD21D2C4BF69E0 /* Pods-webserver.release.xcconfig */,
			);
			name = Pods;
			sourceTree = "<group>";
		};
		7EF2BEFA0F04A7156C76175D /* Frameworks */ = {
			isa = PBXGroup;
			children = (
				59330B02BE10541960B6B1F4 /* libPods-webserver.a */,
			);
			name = Frameworks;
			sourceTree = "<group>";
		};
/* End PBXGroup section */

/* Begin PBXNativeTarget section */
		147772791F3027EF003865C0 /* webserver */ = {
			isa = PBXNativeTarget;
			buildConfigurationList = 147772A71F3027EF003865C0 /* Build configuration list for PBXNativeTarget "webserver" */;
			buildPhases = (
				2078C46F4B0FAAFFD4BFA9B1 /* [CP] Check Pods Manifest.lock */,
				147772761F3027EF003865C0 /* Sources */,
				147772771F3027EF003865C0 /* Frameworks */,
				147772781F3027EF003865C0 /* Resources */,
				8B2F95B6EEFB3A4DF63F7C53 /* [CP] Embed Pods Frameworks */,
				05E847E4F02F7BA9AB3925B7 /* [CP] Copy Pods Resources */,
			);
			buildRules = (
			);
			dependencies = (
			);
			name = webserver;
			productName = webserver;
			productReference = 1477727A1F3027EF003865C0 /* webserver.app */;
			productType = "com.apple.product-type.application";
		};
		147772921F3027EF003865C0 /* webserverTests */ = {
			isa = PBXNativeTarget;
			buildConfigurationList = 147772AA1F3027EF003865C0 /* Build configuration list for PBXNativeTarget "webserverTests" */;
			buildPhases = (
				1477728F1F3027EF003865C0 /* Sources */,
				147772901F3027EF003865C0 /* Frameworks */,
				147772911F3027EF003865C0 /* Resources */,
			);
			buildRules = (
			);
			dependencies = (
				147772951F3027EF003865C0 /* PBXTargetDependency */,
			);
			name = webserverTests;
			productName = webserverTests;
			productReference = 147772931F3027EF003865C0 /* webserverTests.xctest */;
			productType = "com.apple.product-type.bundle.unit-test";
		};
		1477729D1F3027EF003865C0 /* webserverUITests */ = {
			isa = PBXNativeTarget;
			buildConfigurationList = 147772AD1F3027EF003865C0 /* Build configuration list for PBXNativeTarget "webserverUITests" */;
			buildPhases = (
				1477729A1F3027EF003865C0 /* Sources */,
				1477729B1F3027EF003865C0 /* Frameworks */,
				1477729C1F3027EF003865C0 /* Resources */,
			);
			buildRules = (
			);
			dependencies = (
				147772A01F3027EF003865C0 /* PBXTargetDependency */,
			);
			name = webserverUITests;
			productName = webserverUITests;
			productReference = 1477729E1F3027EF003865C0 /* webserverUITests.xctest */;
			productType = "com.apple.product-type.bundle.ui-testing";
		};
/* End PBXNativeTarget section */

/* Begin PBXProject section */
		147772721F3027EF003865C0 /* Project object */ = {
			isa = PBXProject;
			attributes = {
				LastUpgradeCheck = 0830;
				ORGANIZATIONNAME = "　yangrui";
				TargetAttributes = {
					147772791F3027EF003865C0 = {
						CreatedOnToolsVersion = 8.3.2;
						ProvisioningStyle = Automatic;
					};
					147772921F3027EF003865C0 = {
						CreatedOnToolsVersion = 8.3.2;
						ProvisioningStyle = Automatic;
						TestTargetID = 147772791F3027EF003865C0;
					};
					1477729D1F3027EF003865C0 = {
						CreatedOnToolsVersion = 8.3.2;
						ProvisioningStyle = Automatic;
						TestTargetID = 147772791F3027EF003865C0;
					};
				};
			};
			buildConfigurationList = 147772751F3027EF003865C0 /* Build configuration list for PBXProject "webserver" */;
			compatibilityVersion = "Xcode 3.2";
			developmentRegion = English;
			hasScannedForEncodings = 0;
			knownRegions = (
				en,
				Base,
			);
			mainGroup = 147772711F3027EF003865C0;
			productRefGroup = 1477727B1F3027EF003865C0 /* Products */;
			projectDirPath = "";
			projectRoot = "";
			targets = (
				147772791F3027EF003865C0 /* webserver */,
				147772921F3027EF003865C0 /* webserverTests */,
				1477729D1F3027EF003865C0 /* webserverUITests */,
			);
		};
/* End PBXProject section */

/* Begin PBXResourcesBuildPhase section */
		147772781F3027EF003865C0 /* Resources */ = {
			isa = PBXResourcesBuildPhase;
			buildActionMask = 2147483647;
			files = (
				147772B11F307FB3003865C0 /* abc.png in Resources */,
				1477728D1F3027EF003865C0 /* LaunchScreen.storyboard in Resources */,
				1477728A1F3027EF003865C0 /* Assets.xcassets in Resources */,
				147772881F3027EF003865C0 /* Main.storyboard in Resources */,
			);
			runOnlyForDeploymentPostprocessing = 0;
		};
		147772911F3027EF003865C0 /* Resources */ = {
			isa = PBXResourcesBuildPhase;
			buildActionMask = 2147483647;
			files = (
			);
			runOnlyForDeploymentPostprocessing = 0;
		};
		1477729C1F3027EF003865C0 /* Resources */ = {
			isa = PBXResourcesBuildPhase;
			buildActionMask = 2147483647;
			files = (
			);
			runOnlyForDeploymentPostprocessing = 0;
		};
/* End PBXResourcesBuildPhase section */

/* Begin PBXShellScriptBuildPhase section */
		05E847E4F02F7BA9AB3925B7 /* [CP] Copy Pods Resources */ = {
			isa = PBXShellScriptBuildPhase;
			buildActionMask = 2147483647;
			files = (
			);
			inputPaths = (
			);
			name = "[CP] Copy Pods Resources";
			outputPaths = (
			);
			runOnlyForDeploymentPostprocessing = 0;
			shellPath = /bin/sh;
			shellScript = "\"${SRCROOT}/Pods/Target Support Files/Pods-webserver/Pods-webserver-resources.sh\"\n";
			showEnvVarsInLog = 0;
		};
		2078C46F4B0FAAFFD4BFA9B1 /* [CP] Check Pods Manifest.lock */ = {
			isa = PBXShellScriptBuildPhase;
			buildActionMask = 2147483647;
			files = (
			);
			inputPaths = (
			);
			name = "[CP] Check Pods Manifest.lock";
			outputPaths = (
			);
			runOnlyForDeploymentPostprocessing = 0;
			shellPath = /bin/sh;
			shellScript = "diff \"${PODS_PODFILE_DIR_PATH}/Podfile.lock\" \"${PODS_ROOT}/Manifest.lock\" > /dev/null\nif [ $? != 0 ] ; then\n    # print error to STDERR\n    echo \"error: The sandbox is not in sync with the Podfile.lock. Run 'pod install' or update your CocoaPods installation.\" >&2\n    exit 1\nfi\n";
			showEnvVarsInLog = 0;
		};
		8B2F95B6EEFB3A4DF63F7C53 /* [CP] Embed Pods Frameworks */ = {
			isa = PBXShellScriptBuildPhase;
			buildActionMask = 2147483647;
			files = (
			);
			inputPaths = (
			);
			name = "[CP] Embed Pods Frameworks";
			outputPaths = (
			);
			runOnlyForDeploymentPostprocessing = 0;
			shellPath = /bin/sh;
			shellScript = "\"${SRCROOT}/Pods/Target Support Files/Pods-webserver/Pods-webserver-frameworks.sh\"\n";
			showEnvVarsInLog = 0;
		};
/* End PBXShellScriptBuildPhase section */

/* Begin PBXSourcesBuildPhase section */
		147772761F3027EF003865C0 /* Sources */ = {
			isa = PBXSourcesBuildPhase;
			buildActionMask = 2147483647;
			files = (
				147772851F3027EF003865C0 /* ViewController.m in Sources */,
				147772821F3027EF003865C0 /* AppDelegate.m in Sources */,
				1477727F1F3027EF003865C0 /* main.m in Sources */,
			);
			runOnlyForDeploymentPostprocessing = 0;
		};
		1477728F1F3027EF003865C0 /* Sources */ = {
			isa = PBXSourcesBuildPhase;
			buildActionMask = 2147483647;
			files = (
				147772981F3027EF003865C0 /* webserverTests.m in Sources */,
			);
			runOnlyForDeploymentPostprocessing = 0;
		};
		1477729A1F3027EF003865C0 /* Sources */ = {
			isa = PBXSourcesBuildPhase;
			buildActionMask = 2147483647;
			files = (
				147772A31F3027EF003865C0 /* webserverUITests.m in Sources */,
			);
			runOnlyForDeploymentPostprocessing = 0;
		};
/* End PBXSourcesBuildPhase section */

/* Begin PBXTargetDependency section */
		147772951F3027EF003865C0 /* PBXTargetDependency */ = {
			isa = PBXTargetDependency;
			target = 147772791F3027EF003865C0 /* webserver */;
			targetProxy = 147772941F3027EF003865C0 /* PBXContainerItemProxy */;
		};
		147772A01F3027EF003865C0 /* PBXTargetDependency */ = {
			isa = PBXTargetDependency;
			target = 147772791F3027EF003865C0 /* webserver */;
			targetProxy = 1477729F1F3027EF003865C0 /* PBXContainerItemProxy */;
		};
/* End PBXTargetDependency section */

/* Begin PBXVariantGroup section */
		147772861F3027EF003865C0 /* Main.storyboard */ = {
			isa = PBXVariantGroup;
			children = (
				147772871F3027EF003865C0 /* Base */,
			);
			name = Main.storyboard;
			sourceTree = "<group>";
		};
		1477728B1F3027EF003865C0 /* LaunchScreen.storyboard */ = {
			isa = PBXVariantGroup;
			children = (
				1477728C1F3027EF003865C0 /* Base */,
			);
			name = LaunchScreen.storyboard;
			sourceTree = "<group>";
		};
/* End PBXVariantGroup section */

/* Begin XCBuildConfiguration section */
		147772A51F3027EF003865C0 /* Debug */ = {
			isa = XCBuildConfiguration;
			buildSettings = {
				ALWAYS_SEARCH_USER_PATHS = NO;
				CLANG_ANALYZER_NONNULL = YES;
				CLANG_ANALYZER_NUMBER_OBJECT_CONVERSION = YES_AGGRESSIVE;
				CLANG_CXX_LANGUAGE_STANDARD = "gnu++0x";
				CLANG_CXX_LIBRARY = "libc++";
				CLANG_ENABLE_MODULES = YES;
				CLANG_ENABLE_OBJC_ARC = YES;
				CLANG_WARN_BOOL_CONVERSION = YES;
				CLANG_WARN_CONSTANT_CONVERSION = YES;
				CLANG_WARN_DIRECT_OBJC_ISA_USAGE = YES_ERROR;
				CLANG_WARN_DOCUMENTATION_COMMENTS = YES;
				CLANG_WARN_EMPTY_BODY = YES;
				CLANG_WARN_ENUM_CONVERSION = YES;
				CLANG_WARN_INFINITE_RECURSION = YES;
				CLANG_WARN_INT_CONVERSION = YES;
				CLANG_WARN_OBJC_ROOT_CLASS = YES_ERROR;
				CLANG_WARN_SUSPICIOUS_MOVE = YES;
				CLANG_WARN_UNREACHABLE_CODE = YES;
				CLANG_WARN__DUPLICATE_METHOD_MATCH = YES;
				"CODE_SIGN_IDENTITY[sdk=iphoneos*]" = "iPhone Developer";
				COPY_PHASE_STRIP = NO;
				DEBUG_INFORMATION_FORMAT = dwarf;
				ENABLE_STRICT_OBJC_MSGSEND = YES;
				ENABLE_TESTABILITY = YES;
				GCC_C_LANGUAGE_STANDARD = gnu99;
				GCC_DYNAMIC_NO_PIC = NO;
				GCC_NO_COMMON_BLOCKS = YES;
				GCC_OPTIMIZATION_LEVEL = 0;
				GCC_PREPROCESSOR_DEFINITIONS = (
					"DEBUG=1",
					"$(inherited)",
				);
				GCC_WARN_64_TO_32_BIT_CONVERSION = YES;
				GCC_WARN_ABOUT_RETURN_TYPE = YES_ERROR;
				GCC_WARN_UNDECLARED_SELECTOR = YES;
				GCC_WARN_UNINITIALIZED_AUTOS = YES_AGGRESSIVE;
				GCC_WARN_UNUSED_FUNCTION = YES;
				GCC_WARN_UNUSED_VARIABLE = YES;
				IPHONEOS_DEPLOYMENT_TARGET = 10.3;
				MTL_ENABLE_DEBUG_INFO = YES;
				ONLY_ACTIVE_ARCH = YES;
				SDKROOT = iphoneos;
				TARGETED_DEVICE_FAMILY = "1,2";
			};
			name = Debug;
		};
		147772A61F3027EF003865C0 /* Release */ = {
			isa = XCBuildConfiguration;
			buildSettings = {
				ALWAYS_SEARCH_USER_PATHS = NO;
				CLANG_ANALYZER_NONNULL = YES;
				CLANG_ANALYZER_NUMBER_OBJECT_CONVERSION = YES_AGGRESSIVE;
				CLANG_CXX_LANGUAGE_STANDARD = "gnu++0x";
				CLANG_CXX_LIBRARY = "libc++";
				CLANG_ENABLE_MODULES = YES;
				CLANG_ENABLE_OBJC_ARC = YES;
				CLANG_WARN_BOOL_CONVERSION = YES;
				CLANG_WARN_CONSTANT_CONVERSION = YES;
				CLANG_WARN_DIRECT_OBJC_ISA_USAGE = YES_ERROR;
				CLANG_WARN_DOCUMENTATION_COMMENTS = YES;
				CLANG_WARN_EMPTY_BODY = YES;
				CLANG_WARN_ENUM_CONVERSION = YES;
				CLANG_WARN_INFINITE_RECURSION = YES;
				CLANG_WARN_INT_CONVERSION = YES;
				CLANG_WARN_OBJC_ROOT_CLASS = YES_ERROR;
				CLANG_WARN_SUSPICIOUS_MOVE = YES;
				CLANG_WARN_UNREACHABLE_CODE = YES;
				CLANG_WARN__DUPLICATE_METHOD_MATCH = YES;
				"CODE_SIGN_IDENTITY[sdk=iphoneos*]" = "iPhone Developer";
				COPY_PHASE_STRIP = NO;
				DEBUG_INFORMATION_FORMAT = "dwarf-with-dsym";
				ENABLE_NS_ASSERTIONS = NO;
				ENABLE_STRICT_OBJC_MSGSEND = YES;
				GCC_C_LANGUAGE_STANDARD = gnu99;
				GCC_NO_COMMON_BLOCKS = YES;
				GCC_WARN_64_TO_32_BIT_CONVERSION = YES;
				GCC_WARN_ABOUT_RETURN_TYPE = YES_ERROR;
				GCC_WARN_UNDECLARED_SELECTOR = YES;
				GCC_WARN_UNINITIALIZED_AUTOS = YES_AGGRESSIVE;
				GCC_WARN_UNUSED_FUNCTION = YES;
				GCC_WARN_UNUSED_VARIABLE = YES;
				IPHONEOS_DEPLOYMENT_TARGET = 10.3;
				MTL_ENABLE_DEBUG_INFO = NO;
				SDKROOT = iphoneos;
				TARGETED_DEVICE_FAMILY = "1,2";
				VALIDATE_PRODUCT = YES;
			};
			name = Release;
		};
		147772A81F3027EF003865C0 /* Debug */ = {
			isa = XCBuildConfiguration;
			baseConfigurationReference = 350A04466A9EE663D4B7141E /* Pods-webserver.debug.xcconfig */;
			buildSettings = {
				ASSETCATALOG_COMPILER_APPICON_NAME = AppIcon;
				INFOPLIST_FILE = webserver/Info.plist;
				LD_RUNPATH_SEARCH_PATHS = "$(inherited) @executable_path/Frameworks";
				PRODUCT_BUNDLE_IDENTIFIER = fhd.webserver;
				PRODUCT_NAME = "$(TARGET_NAME)";
			};
			name = Debug;
		};
		147772A91F3027EF003865C0 /* Release */ = {
			isa = XCBuildConfiguration;
			baseConfigurationReference = 5BE7BB5727BD21D2C4BF69E0 /* Pods-webserver.release.xcconfig */;
			buildSettings = {
				ASSETCATALOG_COMPILER_APPICON_NAME = AppIcon;
				INFOPLIST_FILE = webserver/Info.plist;
				LD_RUNPATH_SEARCH_PATHS = "$(inherited) @executable_path/Frameworks";
				PRODUCT_BUNDLE_IDENTIFIER = fhd.webserver;
				PRODUCT_NAME = "$(TARGET_NAME)";
			};
			name = Release;
		};
		147772AB1F3027EF003865C0 /* Debug */ = {
			isa = XCBuildConfiguration;
			buildSettings = {
				BUNDLE_LOADER = "$(TEST_HOST)";
				INFOPLIST_FILE = webserverTests/Info.plist;
				LD_RUNPATH_SEARCH_PATHS = "$(inherited) @executable_path/Frameworks @loader_path/Frameworks";
				PRODUCT_BUNDLE_IDENTIFIER = fhd.webserverTests;
				PRODUCT_NAME = "$(TARGET_NAME)";
				TEST_HOST = "$(BUILT_PRODUCTS_DIR)/webserver.app/webserver";
			};
			name = Debug;
		};
		147772AC1F3027EF003865C0 /* Release */ = {
			isa = XCBuildConfiguration;
			buildSettings = {
				BUNDLE_LOADER = "$(TEST_HOST)";
				INFOPLIST_FILE = webserverTests/Info.plist;
				LD_RUNPATH_SEARCH_PATHS = "$(inherited) @executable_path/Frameworks @loader_path/Frameworks";
				PRODUCT_BUNDLE_IDENTIFIER = fhd.webserverTests;
				PRODUCT_NAME = "$(TARGET_NAME)";
				TEST_HOST = "$(BUILT_PRODUCTS_DIR)/webserver.app/webserver";
			};
			name = Release;
		};
		147772AE1F3027EF003865C0 /* Debug */ = {
			isa = XCBuildConfiguration;
			buildSettings = {
				INFOPLIST_FILE = webserverUITests/Info.plist;
				LD_RUNPATH_SEARCH_PATHS = "$(inherited) @executable_path/Frameworks @loader_path/Frameworks";
				PRODUCT_BUNDLE_IDENTIFIER = fhd.webserverUITests;
				PRODUCT_NAME = "$(TARGET_NAME)";
				TEST_TARGET_NAME = webserver;
			};
			name = Debug;
		};
		147772AF1F3027EF003865C0 /* Release */ = {
			isa = XCBuildConfiguration;
			buildSettings = {
				INFOPLIST_FILE = webserverUITests/Info.plist;
				LD_RUNPATH_SEARCH_PATHS = "$(inherited) @executable_path/Frameworks @loader_path/Frameworks";
				PRODUCT_BUNDLE_IDENTIFIER = fhd.webserverUITests;
				PRODUCT_NAME = "$(TARGET_NAME)";
				TEST_TARGET_NAME = webserver;
			};
			name = Release;
		};
/* End XCBuildConfiguration section */

/* Begin XCConfigurationList section */
		147772751F3027EF003865C0 /* Build configuration list for PBXProject "webserver" */ = {
			isa = XCConfigurationList;
			buildConfigurations = (
				147772A51F3027EF003865C0 /* Debug */,
				147772A61F3027EF003865C0 /* Release */,
			);
			defaultConfigurationIsVisible = 0;
			defaultConfigurationName = Release;
		};
		147772A71F3027EF003865C0 /* Build configuration list for PBXNativeTarget "webserver" */ = {
			isa = XCConfigurationList;
			buildConfigurations = (
				147772A81F3027EF003865C0 /* Debug */,
				147772A91F3027EF003865C0 /* Release */,
			);
			defaultConfigurationIsVisible = 0;
			defaultConfigurationName = Release;
		};
		147772AA1F3027EF003865C0 /* Build configuration list for PBXNativeTarget "webserverTests" */ = {
			isa = XCConfigurationList;
			buildConfigurations = (
				147772AB1F3027EF003865C0 /* Debug */,
				147772AC1F3027EF003865C0 /* Release */,
			);
			defaultConfigurationIsVisible = 0;
			defaultConfigurationName = Release;
		};
		147772AD1F3027EF003865C0 /* Build configuration list for PBXNativeTarget "webserverUITests" */ = {
			isa = XCConfigurationList;
			buildConfigurations = (
				147772AE1F3027EF003865C0 /* Debug */,
				147772AF1F3027EF003865C0 /* Release */,
			);
			defaultConfigurationIsVisible = 0;
			defaultConfigurationName = Release;
		};
/* End XCConfigurationList section */
	};
	rootObject = 147772721F3027EF003865C0 /* Project object */;
}
